
Microsoft Visual Studio Solution File, Format Version 12.00
# Visual Studio Version 17
VisualStudioVersion = 17.3.32929.385
MinimumVisualStudioVersion = 10.0.40219.1
Project("{FAE04EC0-301F-11D3-BF4B-00C04F79EFBC}") = "TestWPF", "TestWPF.csproj", "{95AC57FC-EE30-4C70-853D-61175015120E}"
EndProject
Global
	GlobalSection(SolutionConfigurationPlatforms) = preSolution
		Debug|Any CPU = Debug|Any CPU
		Release|Any CPU = Release|Any CPU
	EndGlobalSection
	GlobalSection(ProjectConfigurationPlatforms) = postSolution
		{95AC57FC-EE30-4C70-853D-61175015120E}.Debug|Any CPU.ActiveCfg = Debug|Any CPU
		{95AC57FC-EE30-4C70-853D-61175015120E}.Debug|Any CPU.Build.0 = Debug|Any CPU
		{95AC57FC-EE30-4C70-853D-61175015120E}.Release|Any CPU.ActiveCfg = Release|Any CPU
		{95AC57FC-EE30-4C70-853D-61175015120E}.Release|Any CPU.Build.0 = Release|Any CPU
	EndGlobalSection
	GlobalSection(SolutionProperties) = preSolution
		HideSolutionNode = FALSE
	EndGlobalSection
	GlobalSection(ExtensibilityGlobals) = postSolution
		SolutionGuid = {2F530593-870D-4DEA-894D-5E298670AC84}
	EndGlobalSection
EndGlobal
